{
  "name": "rahisi",
  "version": "1.0.1",
  "lockfileVersion": 1,
  "requires": true,
  "dependencies": {
    "csstype": {
      "version": "2.5.6",
      "resolved": "https://registry.npmjs.org/csstype/-/csstype-2.5.6.tgz",
      "integrity": "sha512-tKPyhy0FmfYD2KQYXD5GzkvAYLYj96cMLXr648CKGd3wBe0QqoPipImjGiLze9c8leJK8J3n7ap90tpk3E6HGQ==",
      "dev": true
    },
    "typescript": {
      "version": "3.0.1",
      "resolved": "https://registry.npmjs.org/typescript/-/typescript-3.0.1.tgz",
      "integrity": "sha512-zQIMOmC+372pC/CCVLqnQ0zSBiY7HHodU7mpQdjiZddek4GMj31I3dUJ7gAs9o65X7mnRma6OokOkc6f9jjfBg==",
      "dev": true
    }
  }
}
